
Microsoft Visual Studio Solution File, Format Version 12.00
# Visual Studio Version 17
VisualStudioVersion = 17.2.32526.322
MinimumVisualStudioVersion = 10.0.40219.1
Project("{9A19103F-16F7-4668-BE54-9A1E7A4F7556}") = "H.EFCore.Extensions.Test", "H.EFCore.Extensions.Test\H.EFCore.Extensions.Test.csproj", "{4FB7AB5D-CDA7-457A-BDB7-8ADD8038265D}"
EndProject
Project("{9A19103F-16F7-4668-BE54-9A1E7A4F7556}") = "H.EFCore.Extensions", "H.EFCore.Extensions\H.EFCore.Extensions.csproj", "{2D80E91D-37E4-429C-8AC5-628954058B76}"
EndProject
Project("{FAE04EC0-301F-11D3-BF4B-00C04F79EFBC}") = "H.EFCore.Extensions.Doc", "H.EFCore.Extensions.Doc\H.EFCore.Extensions.Doc.csproj", "{5CCCC3EA-FE27-48E4-97B1-B7BFF6F4B2E9}"
EndProject
Global
	GlobalSection(SolutionConfigurationPlatforms) = preSolution
		Debug|Any CPU = Debug|Any CPU
		Release|Any CPU = Release|Any CPU
	EndGlobalSection
	GlobalSection(ProjectConfigurationPlatforms) = postSolution
		{4FB7AB5D-CDA7-457A-BDB7-8ADD8038265D}.Debug|Any CPU.ActiveCfg = Debug|Any CPU
		{4FB7AB5D-CDA7-457A-BDB7-8ADD8038265D}.Debug|Any CPU.Build.0 = Debug|Any CPU
		{4FB7AB5D-CDA7-457A-BDB7-8ADD8038265D}.Release|Any CPU.ActiveCfg = Release|Any CPU
		{4FB7AB5D-CDA7-457A-BDB7-8ADD8038265D}.Release|Any CPU.Build.0 = Release|Any CPU
		{2D80E91D-37E4-429C-8AC5-628954058B76}.Debug|Any CPU.ActiveCfg = Debug|Any CPU
		{2D80E91D-37E4-429C-8AC5-628954058B76}.Debug|Any CPU.Build.0 = Debug|Any CPU
		{2D80E91D-37E4-429C-8AC5-628954058B76}.Release|Any CPU.ActiveCfg = Release|Any CPU
		{2D80E91D-37E4-429C-8AC5-628954058B76}.Release|Any CPU.Build.0 = Release|Any CPU
		{5CCCC3EA-FE27-48E4-97B1-B7BFF6F4B2E9}.Debug|Any CPU.ActiveCfg = Debug|Any CPU
		{5CCCC3EA-FE27-48E4-97B1-B7BFF6F4B2E9}.Debug|Any CPU.Build.0 = Debug|Any CPU
		{5CCCC3EA-FE27-48E4-97B1-B7BFF6F4B2E9}.Release|Any CPU.ActiveCfg = Release|Any CPU
		{5CCCC3EA-FE27-48E4-97B1-B7BFF6F4B2E9}.Release|Any CPU.Build.0 = Release|Any CPU
	EndGlobalSection
	GlobalSection(SolutionProperties) = preSolution
		HideSolutionNode = FALSE
	EndGlobalSection
	GlobalSection(ExtensibilityGlobals) = postSolution
		SolutionGuid = {2A7D3739-C130-433E-A291-2BB7F3E99531}
	EndGlobalSection
EndGlobal
