
Microsoft Visual Studio Solution File, Format Version 12.00
# Visual Studio Version 17
VisualStudioVersion = 17.2.32526.322
MinimumVisualStudioVersion = 10.0.40219.1
Project("{FAE04EC0-301F-11D3-BF4B-00C04F79EFBC}") = "IQueryableInvokeReplacer", "IQueryableInvokeReplacer\IQueryableInvokeReplacer.csproj", "{AE4AD752-EECB-4CE0-8155-06FB4296AB9A}"
EndProject
Global
	GlobalSection(SolutionConfigurationPlatforms) = preSolution
		Debug|Any CPU = Debug|Any CPU
		Release|Any CPU = Release|Any CPU
	EndGlobalSection
	GlobalSection(ProjectConfigurationPlatforms) = postSolution
		{AE4AD752-EECB-4CE0-8155-06FB4296AB9A}.Debug|Any CPU.ActiveCfg = Debug|Any CPU
		{AE4AD752-EECB-4CE0-8155-06FB4296AB9A}.Debug|Any CPU.Build.0 = Debug|Any CPU
		{AE4AD752-EECB-4CE0-8155-06FB4296AB9A}.Release|Any CPU.ActiveCfg = Release|Any CPU
		{AE4AD752-EECB-4CE0-8155-06FB4296AB9A}.Release|Any CPU.Build.0 = Release|Any CPU
	EndGlobalSection
	GlobalSection(SolutionProperties) = preSolution
		HideSolutionNode = FALSE
	EndGlobalSection
	GlobalSection(ExtensibilityGlobals) = postSolution
		SolutionGuid = {2A7D3739-C130-433E-A291-2BB7F3E99531}
	EndGlobalSection
EndGlobal
